
Microsoft Visual Studio Solution File, Format Version 12.00
# Visual Studio Version 17
VisualStudioVersion = 17.4.33213.308
MinimumVisualStudioVersion = 10.0.40219.1
Project("{FAE04EC0-301F-11D3-BF4B-00C04F79EFBC}") = "SocialAPI", "SocialAPI\SocialAPI.csproj", "{5979AC97-36B2-45B8-B973-3A50E9594B49}"
EndProject
Project("{FAE04EC0-301F-11D3-BF4B-00C04F79EFBC}") = "SocialAPI_utility", "SocialAPI_utility\SocialAPI_utility.csproj", "{BB93411B-13A6-4FF7-8F2A-207A838A08F2}"
EndProject
Global
	GlobalSection(SolutionConfigurationPlatforms) = preSolution
		Debug|Any CPU = Debug|Any CPU
		Release|Any CPU = Release|Any CPU
	EndGlobalSection
	GlobalSection(ProjectConfigurationPlatforms) = postSolution
		{5979AC97-36B2-45B8-B973-3A50E9594B49}.Debug|Any CPU.ActiveCfg = Debug|Any CPU
		{5979AC97-36B2-45B8-B973-3A50E9594B49}.Debug|Any CPU.Build.0 = Debug|Any CPU
		{5979AC97-36B2-45B8-B973-3A50E9594B49}.Release|Any CPU.ActiveCfg = Release|Any CPU
		{5979AC97-36B2-45B8-B973-3A50E9594B49}.Release|Any CPU.Build.0 = Release|Any CPU
		{BB93411B-13A6-4FF7-8F2A-207A838A08F2}.Debug|Any CPU.ActiveCfg = Debug|Any CPU
		{BB93411B-13A6-4FF7-8F2A-207A838A08F2}.Debug|Any CPU.Build.0 = Debug|Any CPU
		{BB93411B-13A6-4FF7-8F2A-207A838A08F2}.Release|Any CPU.ActiveCfg = Release|Any CPU
		{BB93411B-13A6-4FF7-8F2A-207A838A08F2}.Release|Any CPU.Build.0 = Release|Any CPU
	EndGlobalSection
	GlobalSection(SolutionProperties) = preSolution
		HideSolutionNode = FALSE
	EndGlobalSection
	GlobalSection(ExtensibilityGlobals) = postSolution
		SolutionGuid = {8CEDC0AA-D723-42E4-9210-C52953B43023}
	EndGlobalSection
EndGlobal
